// !$*UTF8*$!
{
	archiveVersion = 1;
	classes = {
	};
	objectVersion = 56;
	objects = {

/* Begin PBXGroup section */
		804517252B34AF8E0038DFC7 = {
			isa = PBXGroup;
			children = (
			);
			sourceTree = "<group>";
		};
/* End PBXGroup section */

/* Begin PBXProject section */
		804517262B34AF8E0038DFC7 /* Project object */ = {
			isa = PBXProject;
			attributes = {
				BuildIndependentTargetsInParallel = 1;
				LastUpgradeCheck = 1510;
			};
			buildConfigurationList = 804517292B34AF8E0038DFC7 /* Build configuration list for PBXProject "CompProgramming" */;
			compatibilityVersion = "Xcode 14.0";
			developmentRegion = en;
			hasScannedForEncodings = 0;
			knownRegions = (
				en,
				Base,
			);
			mainGroup = 804517252B34AF8E0038DFC7;
			projectDirPath = "";
			projectRoot = "";
			targets = (
			);
		};
/* End PBXProject section */

/* Begin XCBuildConfiguration section */
		8045172A2B34AF8E0038DFC7 /* Debug */ = {
			isa = XCBuildConfiguration;
			buildSettings = {
			};
			name = Debug;
		};
		8045172B2B34AF8E0038DFC7 /* Release */ = {
			isa = XCBuildConfiguration;
			buildSettings = {
			};
			name = Release;
		};
/* End XCBuildConfiguration section */

/* Begin XCConfigurationList section */
		804517292B34AF8E0038DFC7 /* Build configuration list for PBXProject "CompProgramming" */ = {
			isa = XCConfigurationList;
			buildConfigurations = (
				8045172A2B34AF8E0038DFC7 /* Debug */,
				8045172B2B34AF8E0038DFC7 /* Release */,
			);
			defaultConfigurationIsVisible = 0;
			defaultConfigurationName = Release;
		};
/* End XCConfigurationList section */
	};
	rootObject = 804517262B34AF8E0038DFC7 /* Project object */;
}
